
Microsoft Visual Studio Solution File, Format Version 12.00
# Visual Studio 15
VisualStudioVersion = 15.0.27004.2009
MinimumVisualStudioVersion = 10.0.40219.1
Project("{2150E333-8FDC-42A3-9474-1A3956D46DE8}") = "DomainLayer", "DomainLayer", "{47130C46-39BB-4D4C-859C-DA347D120FAE}"
EndProject
Project("{2150E333-8FDC-42A3-9474-1A3956D46DE8}") = "Infraestructure Layer", "Infraestructure Layer", "{BC6540BA-4E40-409E-A162-B35F2C5948C3}"
EndProject
Project("{2150E333-8FDC-42A3-9474-1A3956D46DE8}") = "Service Layer", "Service Layer", "{7F0BB2E7-E1FC-4B41-A410-428F6A4344CF}"
EndProject
Project("{FAE04EC0-301F-11D3-BF4B-00C04F79EFBC}") = "Freights.WcfService", "Freights.WcfService\Freights.WcfService.csproj", "{7669249E-A705-426A-A0C3-1C9AB7AABDF7}"
EndProject
Project("{FAE04EC0-301F-11D3-BF4B-00C04F79EFBC}") = "Freights.Dominio", "Freights.Dominio\Freights.Dominio.csproj", "{6020D951-BD10-439C-A540-0FE83358AAE5}"
EndProject
Project("{FAE04EC0-301F-11D3-BF4B-00C04F79EFBC}") = "Freights.Fachada", "Freights.Fachada\Freights.Fachada.csproj", "{3C5ABA34-0016-4952-8DC0-193740E4FE95}"
EndProject
Project("{FAE04EC0-301F-11D3-BF4B-00C04F79EFBC}") = "Freights.ContratoRepositorio", "Freights.ContratoRepositorio\Freights.ContratoRepositorio.csproj", "{72F165BC-6FEC-4E8A-A13C-02A0371DB33E}"
EndProject
Project("{FAE04EC0-301F-11D3-BF4B-00C04F79EFBC}") = "Freights.RepositorioSQL", "Freights.RepositorioSQL\Freights.RepositorioSQL.csproj", "{EE120272-289E-4BD5-ACC3-A6D92C12C63C}"
EndProject
Project("{FAE04EC0-301F-11D3-BF4B-00C04F79EFBC}") = "Freights.Implementacion", "Freights.Implementacion\Freights.Implementacion.csproj", "{AB5BC053-EE70-48FA-AA5C-1473573844B8}"
EndProject
Project("{FAE04EC0-301F-11D3-BF4B-00C04F79EFBC}") = "Freights.Contrato", "Freights.Contrato\Freights.Contrato.csproj", "{934EA2A6-7B6B-43BD-8CCA-1704E7BBC55E}"
EndProject
Global
	GlobalSection(SolutionConfigurationPlatforms) = preSolution
		Debug|Any CPU = Debug|Any CPU
		Release|Any CPU = Release|Any CPU
	EndGlobalSection
	GlobalSection(ProjectConfigurationPlatforms) = postSolution
		{7669249E-A705-426A-A0C3-1C9AB7AABDF7}.Debug|Any CPU.ActiveCfg = Debug|Any CPU
		{7669249E-A705-426A-A0C3-1C9AB7AABDF7}.Debug|Any CPU.Build.0 = Debug|Any CPU
		{7669249E-A705-426A-A0C3-1C9AB7AABDF7}.Release|Any CPU.ActiveCfg = Release|Any CPU
		{7669249E-A705-426A-A0C3-1C9AB7AABDF7}.Release|Any CPU.Build.0 = Release|Any CPU
		{6020D951-BD10-439C-A540-0FE83358AAE5}.Debug|Any CPU.ActiveCfg = Debug|Any CPU
		{6020D951-BD10-439C-A540-0FE83358AAE5}.Debug|Any CPU.Build.0 = Debug|Any CPU
		{6020D951-BD10-439C-A540-0FE83358AAE5}.Release|Any CPU.ActiveCfg = Release|Any CPU
		{6020D951-BD10-439C-A540-0FE83358AAE5}.Release|Any CPU.Build.0 = Release|Any CPU
		{3C5ABA34-0016-4952-8DC0-193740E4FE95}.Debug|Any CPU.ActiveCfg = Debug|Any CPU
		{3C5ABA34-0016-4952-8DC0-193740E4FE95}.Debug|Any CPU.Build.0 = Debug|Any CPU
		{3C5ABA34-0016-4952-8DC0-193740E4FE95}.Release|Any CPU.ActiveCfg = Release|Any CPU
		{3C5ABA34-0016-4952-8DC0-193740E4FE95}.Release|Any CPU.Build.0 = Release|Any CPU
		{72F165BC-6FEC-4E8A-A13C-02A0371DB33E}.Debug|Any CPU.ActiveCfg = Debug|Any CPU
		{72F165BC-6FEC-4E8A-A13C-02A0371DB33E}.Debug|Any CPU.Build.0 = Debug|Any CPU
		{72F165BC-6FEC-4E8A-A13C-02A0371DB33E}.Release|Any CPU.ActiveCfg = Release|Any CPU
		{72F165BC-6FEC-4E8A-A13C-02A0371DB33E}.Release|Any CPU.Build.0 = Release|Any CPU
		{EE120272-289E-4BD5-ACC3-A6D92C12C63C}.Debug|Any CPU.ActiveCfg = Debug|Any CPU
		{EE120272-289E-4BD5-ACC3-A6D92C12C63C}.Debug|Any CPU.Build.0 = Debug|Any CPU
		{EE120272-289E-4BD5-ACC3-A6D92C12C63C}.Release|Any CPU.ActiveCfg = Release|Any CPU
		{EE120272-289E-4BD5-ACC3-A6D92C12C63C}.Release|Any CPU.Build.0 = Release|Any CPU
		{AB5BC053-EE70-48FA-AA5C-1473573844B8}.Debug|Any CPU.ActiveCfg = Debug|Any CPU
		{AB5BC053-EE70-48FA-AA5C-1473573844B8}.Debug|Any CPU.Build.0 = Debug|Any CPU
		{AB5BC053-EE70-48FA-AA5C-1473573844B8}.Release|Any CPU.ActiveCfg = Release|Any CPU
		{AB5BC053-EE70-48FA-AA5C-1473573844B8}.Release|Any CPU.Build.0 = Release|Any CPU
		{934EA2A6-7B6B-43BD-8CCA-1704E7BBC55E}.Debug|Any CPU.ActiveCfg = Debug|Any CPU
		{934EA2A6-7B6B-43BD-8CCA-1704E7BBC55E}.Debug|Any CPU.Build.0 = Debug|Any CPU
		{934EA2A6-7B6B-43BD-8CCA-1704E7BBC55E}.Release|Any CPU.ActiveCfg = Release|Any CPU
		{934EA2A6-7B6B-43BD-8CCA-1704E7BBC55E}.Release|Any CPU.Build.0 = Release|Any CPU
	EndGlobalSection
	GlobalSection(SolutionProperties) = preSolution
		HideSolutionNode = FALSE
	EndGlobalSection
	GlobalSection(NestedProjects) = preSolution
		{7669249E-A705-426A-A0C3-1C9AB7AABDF7} = {7F0BB2E7-E1FC-4B41-A410-428F6A4344CF}
		{6020D951-BD10-439C-A540-0FE83358AAE5} = {47130C46-39BB-4D4C-859C-DA347D120FAE}
		{3C5ABA34-0016-4952-8DC0-193740E4FE95} = {47130C46-39BB-4D4C-859C-DA347D120FAE}
		{72F165BC-6FEC-4E8A-A13C-02A0371DB33E} = {47130C46-39BB-4D4C-859C-DA347D120FAE}
		{EE120272-289E-4BD5-ACC3-A6D92C12C63C} = {BC6540BA-4E40-409E-A162-B35F2C5948C3}
		{AB5BC053-EE70-48FA-AA5C-1473573844B8} = {7F0BB2E7-E1FC-4B41-A410-428F6A4344CF}
		{934EA2A6-7B6B-43BD-8CCA-1704E7BBC55E} = {7F0BB2E7-E1FC-4B41-A410-428F6A4344CF}
	EndGlobalSection
	GlobalSection(ExtensibilityGlobals) = postSolution
		SolutionGuid = {A369E123-78CA-47C9-8575-84544AEF7DF4}
	EndGlobalSection
EndGlobal
