
Microsoft Visual Studio Solution File, Format Version 12.00
# Visual Studio 15
VisualStudioVersion = 15.0.27004.2009
MinimumVisualStudioVersion = 10.0.40219.1
Project("{2150E333-8FDC-42A3-9474-1A3956D46DE8}") = "DomainLayer", "DomainLayer", "{47130C46-39BB-4D4C-859C-DA347D120FAE}"
EndProject
Project("{2150E333-8FDC-42A3-9474-1A3956D46DE8}") = "Infraestructure Layer", "Infraestructure Layer", "{BC6540BA-4E40-409E-A162-B35F2C5948C3}"
EndProject
Project("{2150E333-8FDC-42A3-9474-1A3956D46DE8}") = "Service Layer", "Service Layer", "{7F0BB2E7-E1FC-4B41-A410-428F6A4344CF}"
EndProject
Project("{9A19103F-16F7-4668-BE54-9A1E7A4F7556}") = "Freights.Domain", "Freights.Domain\Freights.Domain.csproj", "{383ABCA2-000D-4569-A361-4CB437C1BCE0}"
EndProject
Project("{9A19103F-16F7-4668-BE54-9A1E7A4F7556}") = "Freights.Facade", "Freights.Facade\Freights.Facade.csproj", "{01C0A6AD-4DB2-43EB-9F0E-46EAD9A321E1}"
EndProject
Project("{9A19103F-16F7-4668-BE54-9A1E7A4F7556}") = "Freights.RepositoryContract", "Freights.RepositoryContract\Freights.RepositoryContract.csproj", "{0AFE87B8-A3F5-4DD0-A174-9010881900AD}"
EndProject
Project("{9A19103F-16F7-4668-BE54-9A1E7A4F7556}") = "Freights.SqlRepository", "Freights.SqlRepository\Freights.SqlRepository.csproj", "{E3987D1E-1A2B-4546-8156-C3C89EB123F1}"
EndProject
Project("{9A19103F-16F7-4668-BE54-9A1E7A4F7556}") = "Freights.Implementation", "Freights.Implementation\Freights.Implementation.csproj", "{BAB0C736-8EED-49BD-BB0E-8EED43864014}"
EndProject
Project("{FAE04EC0-301F-11D3-BF4B-00C04F79EFBC}") = "Freights.WcfService", "Freights.WcfService\Freights.WcfService.csproj", "{7669249E-A705-426A-A0C3-1C9AB7AABDF7}"
EndProject
Project("{FAE04EC0-301F-11D3-BF4B-00C04F79EFBC}") = "Freights.Contract", "Freights.Contract\Freights.Contract.csproj", "{809033ED-90EC-4DF2-BD4B-8E9C23FE2C0F}"
EndProject
Global
	GlobalSection(SolutionConfigurationPlatforms) = preSolution
		Debug|Any CPU = Debug|Any CPU
		Release|Any CPU = Release|Any CPU
	EndGlobalSection
	GlobalSection(ProjectConfigurationPlatforms) = postSolution
		{383ABCA2-000D-4569-A361-4CB437C1BCE0}.Debug|Any CPU.ActiveCfg = Debug|Any CPU
		{383ABCA2-000D-4569-A361-4CB437C1BCE0}.Debug|Any CPU.Build.0 = Debug|Any CPU
		{383ABCA2-000D-4569-A361-4CB437C1BCE0}.Release|Any CPU.ActiveCfg = Release|Any CPU
		{383ABCA2-000D-4569-A361-4CB437C1BCE0}.Release|Any CPU.Build.0 = Release|Any CPU
		{01C0A6AD-4DB2-43EB-9F0E-46EAD9A321E1}.Debug|Any CPU.ActiveCfg = Debug|Any CPU
		{01C0A6AD-4DB2-43EB-9F0E-46EAD9A321E1}.Debug|Any CPU.Build.0 = Debug|Any CPU
		{01C0A6AD-4DB2-43EB-9F0E-46EAD9A321E1}.Release|Any CPU.ActiveCfg = Release|Any CPU
		{01C0A6AD-4DB2-43EB-9F0E-46EAD9A321E1}.Release|Any CPU.Build.0 = Release|Any CPU
		{0AFE87B8-A3F5-4DD0-A174-9010881900AD}.Debug|Any CPU.ActiveCfg = Debug|Any CPU
		{0AFE87B8-A3F5-4DD0-A174-9010881900AD}.Debug|Any CPU.Build.0 = Debug|Any CPU
		{0AFE87B8-A3F5-4DD0-A174-9010881900AD}.Release|Any CPU.ActiveCfg = Release|Any CPU
		{0AFE87B8-A3F5-4DD0-A174-9010881900AD}.Release|Any CPU.Build.0 = Release|Any CPU
		{E3987D1E-1A2B-4546-8156-C3C89EB123F1}.Debug|Any CPU.ActiveCfg = Debug|Any CPU
		{E3987D1E-1A2B-4546-8156-C3C89EB123F1}.Debug|Any CPU.Build.0 = Debug|Any CPU
		{E3987D1E-1A2B-4546-8156-C3C89EB123F1}.Release|Any CPU.ActiveCfg = Release|Any CPU
		{E3987D1E-1A2B-4546-8156-C3C89EB123F1}.Release|Any CPU.Build.0 = Release|Any CPU
		{BAB0C736-8EED-49BD-BB0E-8EED43864014}.Debug|Any CPU.ActiveCfg = Debug|Any CPU
		{BAB0C736-8EED-49BD-BB0E-8EED43864014}.Debug|Any CPU.Build.0 = Debug|Any CPU
		{BAB0C736-8EED-49BD-BB0E-8EED43864014}.Release|Any CPU.ActiveCfg = Release|Any CPU
		{BAB0C736-8EED-49BD-BB0E-8EED43864014}.Release|Any CPU.Build.0 = Release|Any CPU
		{7669249E-A705-426A-A0C3-1C9AB7AABDF7}.Debug|Any CPU.ActiveCfg = Debug|Any CPU
		{7669249E-A705-426A-A0C3-1C9AB7AABDF7}.Debug|Any CPU.Build.0 = Debug|Any CPU
		{7669249E-A705-426A-A0C3-1C9AB7AABDF7}.Release|Any CPU.ActiveCfg = Release|Any CPU
		{7669249E-A705-426A-A0C3-1C9AB7AABDF7}.Release|Any CPU.Build.0 = Release|Any CPU
		{809033ED-90EC-4DF2-BD4B-8E9C23FE2C0F}.Debug|Any CPU.ActiveCfg = Debug|Any CPU
		{809033ED-90EC-4DF2-BD4B-8E9C23FE2C0F}.Debug|Any CPU.Build.0 = Debug|Any CPU
		{809033ED-90EC-4DF2-BD4B-8E9C23FE2C0F}.Release|Any CPU.ActiveCfg = Release|Any CPU
		{809033ED-90EC-4DF2-BD4B-8E9C23FE2C0F}.Release|Any CPU.Build.0 = Release|Any CPU
	EndGlobalSection
	GlobalSection(SolutionProperties) = preSolution
		HideSolutionNode = FALSE
	EndGlobalSection
	GlobalSection(NestedProjects) = preSolution
		{383ABCA2-000D-4569-A361-4CB437C1BCE0} = {47130C46-39BB-4D4C-859C-DA347D120FAE}
		{01C0A6AD-4DB2-43EB-9F0E-46EAD9A321E1} = {47130C46-39BB-4D4C-859C-DA347D120FAE}
		{0AFE87B8-A3F5-4DD0-A174-9010881900AD} = {47130C46-39BB-4D4C-859C-DA347D120FAE}
		{E3987D1E-1A2B-4546-8156-C3C89EB123F1} = {BC6540BA-4E40-409E-A162-B35F2C5948C3}
		{BAB0C736-8EED-49BD-BB0E-8EED43864014} = {7F0BB2E7-E1FC-4B41-A410-428F6A4344CF}
		{7669249E-A705-426A-A0C3-1C9AB7AABDF7} = {7F0BB2E7-E1FC-4B41-A410-428F6A4344CF}
		{809033ED-90EC-4DF2-BD4B-8E9C23FE2C0F} = {7F0BB2E7-E1FC-4B41-A410-428F6A4344CF}
	EndGlobalSection
	GlobalSection(ExtensibilityGlobals) = postSolution
		SolutionGuid = {A369E123-78CA-47C9-8575-84544AEF7DF4}
	EndGlobalSection
EndGlobal
